# THIS IS AN AUTOGENERATED FILE. DO NOT EDIT THIS FILE DIRECTLY.
# yarn lockfile v1


"@bufbuild/protobuf@^2.1.0":
  version "2.1.0"
  resolved "https://registry.yarnpkg.com/@bufbuild/protobuf/-/protobuf-2.1.0.tgz#6925f30c25789b4f74d7c505e731c96f79fb48a7"
  integrity sha512-+2Mx67Y3skJ4NCD/qNSdBJNWtu6x6Qr53jeNg+QcwiL6mt0wK+3jwHH2x1p7xaYH6Ve2JKOVn0OxU35WsmqI9A==
